
Microsoft Visual Studio Solution File, Format Version 12.00
# Visual Studio Version 17
VisualStudioVersion = 17.0.31903.59
MinimumVisualStudioVersion = 10.0.40219.1
Project("{FAE04EC0-301F-11D3-BF4B-00C04F79EFBC}") = "iBudget", "iBudget.csproj", "{D8BF7C7D-A17B-42F3-9F9C-023C7011413B}"
EndProject
Project("{FAE04EC0-301F-11D3-BF4B-00C04F79EFBC}") = "iBudget.UnitTest", "iBudget.UnitTest\iBudget.UnitTest.csproj", "{055DC3EA-A61E-4276-A65D-8C35520F542D}"
EndProject
Project("{FAE04EC0-301F-11D3-BF4B-00C04F79EFBC}") = "iBudget.AutomatedTest", "iBudget.AutomatedTest\iBudget.AutomatedTest.csproj", "{C1731BDC-81D7-4CBC-A40A-FB093FC17B0A}"
EndProject
Global
	GlobalSection(SolutionConfigurationPlatforms) = preSolution
		Debug|Any CPU = Debug|Any CPU
		Release|Any CPU = Release|Any CPU
	EndGlobalSection
	GlobalSection(SolutionProperties) = preSolution
		HideSolutionNode = FALSE
	EndGlobalSection
	GlobalSection(ProjectConfigurationPlatforms) = postSolution
		{D8BF7C7D-A17B-42F3-9F9C-023C7011413B}.Debug|Any CPU.ActiveCfg = Debug|Any CPU
		{D8BF7C7D-A17B-42F3-9F9C-023C7011413B}.Debug|Any CPU.Build.0 = Debug|Any CPU
		{D8BF7C7D-A17B-42F3-9F9C-023C7011413B}.Release|Any CPU.ActiveCfg = Release|Any CPU
		{D8BF7C7D-A17B-42F3-9F9C-023C7011413B}.Release|Any CPU.Build.0 = Release|Any CPU
		{055DC3EA-A61E-4276-A65D-8C35520F542D}.Debug|Any CPU.ActiveCfg = Debug|Any CPU
		{055DC3EA-A61E-4276-A65D-8C35520F542D}.Debug|Any CPU.Build.0 = Debug|Any CPU
		{055DC3EA-A61E-4276-A65D-8C35520F542D}.Release|Any CPU.ActiveCfg = Release|Any CPU
		{055DC3EA-A61E-4276-A65D-8C35520F542D}.Release|Any CPU.Build.0 = Release|Any CPU
		{C1731BDC-81D7-4CBC-A40A-FB093FC17B0A}.Debug|Any CPU.ActiveCfg = Debug|Any CPU
		{C1731BDC-81D7-4CBC-A40A-FB093FC17B0A}.Debug|Any CPU.Build.0 = Debug|Any CPU
		{C1731BDC-81D7-4CBC-A40A-FB093FC17B0A}.Release|Any CPU.ActiveCfg = Release|Any CPU
		{C1731BDC-81D7-4CBC-A40A-FB093FC17B0A}.Release|Any CPU.Build.0 = Release|Any CPU
	EndGlobalSection
EndGlobal
